
Microsoft Visual Studio Solution File, Format Version 11.00
# Visual Studio 2010
Project("{FAE04EC0-301F-11D3-BF4B-00C04F79EFBC}") = "HarmonyGame", "HarmonyGame\HarmonyGame\HarmonyGame.csproj", "{FA11B614-5350-49E0-9F4C-FB574BB2229C}"
EndProject
Project("{FAE04EC0-301F-11D3-BF4B-00C04F79EFBC}") = "HarmonyGameContent", "HarmonyGame\HarmonyGameContent\HarmonyGameContent.contentproj", "{CB47AB8D-A1AE-4B06-B708-F87DF5DBBA7C}"
EndProject
Global
	GlobalSection(SolutionConfigurationPlatforms) = preSolution
		Debug|Mixed Platforms = Debug|Mixed Platforms
		Debug|x86 = Debug|x86
		Debug|Xbox 360 = Debug|Xbox 360
		Release|Mixed Platforms = Release|Mixed Platforms
		Release|x86 = Release|x86
		Release|Xbox 360 = Release|Xbox 360
	EndGlobalSection
	GlobalSection(ProjectConfigurationPlatforms) = postSolution
		{FA11B614-5350-49E0-9F4C-FB574BB2229C}.Debug|Mixed Platforms.ActiveCfg = Debug|x86
		{FA11B614-5350-49E0-9F4C-FB574BB2229C}.Debug|Mixed Platforms.Build.0 = Debug|x86
		{FA11B614-5350-49E0-9F4C-FB574BB2229C}.Debug|x86.ActiveCfg = Debug|x86
		{FA11B614-5350-49E0-9F4C-FB574BB2229C}.Debug|x86.Build.0 = Debug|x86
		{FA11B614-5350-49E0-9F4C-FB574BB2229C}.Debug|Xbox 360.ActiveCfg = Debug|x86
		{FA11B614-5350-49E0-9F4C-FB574BB2229C}.Debug|Xbox 360.Build.0 = Debug|x86
		{FA11B614-5350-49E0-9F4C-FB574BB2229C}.Release|Mixed Platforms.ActiveCfg = Release|x86
		{FA11B614-5350-49E0-9F4C-FB574BB2229C}.Release|Mixed Platforms.Build.0 = Release|x86
		{FA11B614-5350-49E0-9F4C-FB574BB2229C}.Release|x86.ActiveCfg = Release|x86
		{FA11B614-5350-49E0-9F4C-FB574BB2229C}.Release|x86.Build.0 = Release|x86
		{FA11B614-5350-49E0-9F4C-FB574BB2229C}.Release|Xbox 360.ActiveCfg = Release|x86
		{FA11B614-5350-49E0-9F4C-FB574BB2229C}.Release|Xbox 360.Build.0 = Release|x86
		{CB47AB8D-A1AE-4B06-B708-F87DF5DBBA7C}.Debug|Mixed Platforms.ActiveCfg = Debug|x86
		{CB47AB8D-A1AE-4B06-B708-F87DF5DBBA7C}.Debug|x86.ActiveCfg = Debug|x86
		{CB47AB8D-A1AE-4B06-B708-F87DF5DBBA7C}.Debug|Xbox 360.ActiveCfg = Debug|x86
		{CB47AB8D-A1AE-4B06-B708-F87DF5DBBA7C}.Release|Mixed Platforms.ActiveCfg = Release|x86
		{CB47AB8D-A1AE-4B06-B708-F87DF5DBBA7C}.Release|x86.ActiveCfg = Release|x86
		{CB47AB8D-A1AE-4B06-B708-F87DF5DBBA7C}.Release|Xbox 360.ActiveCfg = Release|x86
	EndGlobalSection
	GlobalSection(SolutionProperties) = preSolution
		HideSolutionNode = FALSE
	EndGlobalSection
EndGlobal
